
Microsoft Visual Studio Solution File, Format Version 12.00
# Visual Studio Version 16
VisualStudioVersion = 16.0.30523.141
MinimumVisualStudioVersion = 10.0.40219.1
Project("{FAE04EC0-301F-11D3-BF4B-00C04F79EFBC}") = "Bank1", "Bank1\Bank1.csproj", "{1B491E18-2F7A-41C0-AF60-DCF67D4D317A}"
EndProject
Project("{FAE04EC0-301F-11D3-BF4B-00C04F79EFBC}") = "BankTests", "BankTests\BankTests.csproj", "{C5A7E8F0-7957-4EB2-890D-8521B82DB57D}"
EndProject
Global
	GlobalSection(SolutionConfigurationPlatforms) = preSolution
		Debug|Any CPU = Debug|Any CPU
		Release|Any CPU = Release|Any CPU
	EndGlobalSection
	GlobalSection(ProjectConfigurationPlatforms) = postSolution
		{1B491E18-2F7A-41C0-AF60-DCF67D4D317A}.Debug|Any CPU.ActiveCfg = Debug|Any CPU
		{1B491E18-2F7A-41C0-AF60-DCF67D4D317A}.Debug|Any CPU.Build.0 = Debug|Any CPU
		{1B491E18-2F7A-41C0-AF60-DCF67D4D317A}.Release|Any CPU.ActiveCfg = Release|Any CPU
		{1B491E18-2F7A-41C0-AF60-DCF67D4D317A}.Release|Any CPU.Build.0 = Release|Any CPU
		{C5A7E8F0-7957-4EB2-890D-8521B82DB57D}.Debug|Any CPU.ActiveCfg = Debug|Any CPU
		{C5A7E8F0-7957-4EB2-890D-8521B82DB57D}.Debug|Any CPU.Build.0 = Debug|Any CPU
		{C5A7E8F0-7957-4EB2-890D-8521B82DB57D}.Release|Any CPU.ActiveCfg = Release|Any CPU
		{C5A7E8F0-7957-4EB2-890D-8521B82DB57D}.Release|Any CPU.Build.0 = Release|Any CPU
	EndGlobalSection
	GlobalSection(SolutionProperties) = preSolution
		HideSolutionNode = FALSE
	EndGlobalSection
	GlobalSection(ExtensibilityGlobals) = postSolution
		SolutionGuid = {5ABA9BE4-1DAC-4AF6-83C5-1E024431B347}
	EndGlobalSection
EndGlobal
